{
  "name": "IPFine",
  "lockfileVersion": 3,
  "requires": true,
  "packages": {
    "": {
      "dependencies": {
        "ip-address": "^10.2.0",
        "ip.js": "^1.3.11"
      }
    },
    "node_modules/ip-address": {
      "version": "10.2.0",
      "resolved": "https://registry.npmjs.org/ip-address/-/ip-address-10.2.0.tgz",
      "integrity": "sha512-/+S6j4E9AHvW9SWMSEY9Xfy66O5PWvVEJ08O0y5JGyEKQpojb0K0GKpz/v5HJ/G0vi3D2sjGK78119oXZeE0qA==",
      "license": "MIT",
      "engines": {
        "node": ">= 12"
      }
    },
    "node_modules/ip.js": {
      "version": "1.3.11",
      "resolved": "https://registry.npmjs.org/ip.js/-/ip.js-1.3.11.tgz",
      "integrity": "sha512-t45mevHtLA+q+1QBPpL/Q2NvZ7O5S1EuRY9GNpBuo0Wr9OwvuMPAD6sj1Ig7JO/t+dlo6I8uuaEMnJ56FIyuBQ==",
      "license": "MIT",
      "dependencies": {
        "jsbi": "^4.3.0"
      }
    },
    "node_modules/jsbi": {
      "version": "4.3.2",
      "resolved": "https://registry.npmjs.org/jsbi/-/jsbi-4.3.2.tgz",
      "integrity": "sha512-9fqMSQbhJykSeii05nxKl4m6Eqn2P6rOlYiS+C5Dr/HPIU/7yZxu5qzbs40tgaFORiw2Amd0mirjxatXYMkIew==",
      "license": "Apache-2.0"
    }
  }
}
